
Microsoft Visual Studio Solution File, Format Version 12.00
# Visual Studio Version 16
VisualStudioVersion = 16.0.29911.84
MinimumVisualStudioVersion = 10.0.40219.1
Project("{FAE04EC0-301F-11D3-BF4B-00C04F79EFBC}") = "ServicioWindows", "ServicioWindows.csproj", "{C3C951C5-899E-4312-ABBA-BE47DB011C18}"
EndProject
Project("{54435603-DBB4-11D2-8724-00A0C9A8B90C}") = "InstaladorServicioCopia", "..\InstaladorServicioCopia\InstaladorServicioCopia.vdproj", "{6FAB707B-C265-49E5-955B-B13C29490AA4}"
EndProject
Global
	GlobalSection(SolutionConfigurationPlatforms) = preSolution
		Debug|Any CPU = Debug|Any CPU
		Release|Any CPU = Release|Any CPU
	EndGlobalSection
	GlobalSection(ProjectConfigurationPlatforms) = postSolution
		{C3C951C5-899E-4312-ABBA-BE47DB011C18}.Debug|Any CPU.ActiveCfg = Debug|Any CPU
		{C3C951C5-899E-4312-ABBA-BE47DB011C18}.Debug|Any CPU.Build.0 = Debug|Any CPU
		{C3C951C5-899E-4312-ABBA-BE47DB011C18}.Release|Any CPU.ActiveCfg = Release|Any CPU
		{C3C951C5-899E-4312-ABBA-BE47DB011C18}.Release|Any CPU.Build.0 = Release|Any CPU
		{6FAB707B-C265-49E5-955B-B13C29490AA4}.Debug|Any CPU.ActiveCfg = Debug
		{6FAB707B-C265-49E5-955B-B13C29490AA4}.Release|Any CPU.ActiveCfg = Release
	EndGlobalSection
	GlobalSection(SolutionProperties) = preSolution
		HideSolutionNode = FALSE
	EndGlobalSection
	GlobalSection(ExtensibilityGlobals) = postSolution
		SolutionGuid = {B1F566CC-F752-46A6-A734-54F5F8DAC0CB}
	EndGlobalSection
EndGlobal
